
Microsoft Visual Studio Solution File, Format Version 12.00
# Visual Studio 15
Project("{FAE04EC0-301F-11D3-BF4B-00C04F79EFBC}") = "ILRuntime", "ILRuntime.csproj", "{AF29ACDC-CCC1-7732-751C-DD00BD5BD005}"
EndProject
Project("{FAE04EC0-301F-11D3-BF4B-00C04F79EFBC}") = "FairyGUI", "FairyGUI.csproj", "{5C351BF4-1A33-48AF-B348-52FD7A76B064}"
EndProject
Project("{FAE04EC0-301F-11D3-BF4B-00C04F79EFBC}") = "Model", "Model.csproj", "{2EC4903E-4963-EF63-D655-19011D9F16B8}"
EndProject
Project("{FAE04EC0-301F-11D3-BF4B-00C04F79EFBC}") = "Async", "Async.csproj", "{98FC05A6-0292-E7D4-24E5-0134D38497DF}"
EndProject
Project("{FAE04EC0-301F-11D3-BF4B-00C04F79EFBC}") = "ObjectView", "ObjectView.csproj", "{DC893C52-BC58-8358-B450-22205CAC447F}"
EndProject
Project("{FAE04EC0-301F-11D3-BF4B-00C04F79EFBC}") = "Test", "Test.csproj", "{A1166123-CDAD-D6D9-14CE-3BA0CBAE2415}"
EndProject
Project("{FAE04EC0-301F-11D3-BF4B-00C04F79EFBC}") = "ReferenceCollector", "ReferenceCollector.csproj", "{4CA7ABC2-0E34-2A69-D295-27ACDEA89292}"
EndProject
Project("{FAE04EC0-301F-11D3-BF4B-00C04F79EFBC}") = "Hotfix", "Hotfix.csproj", "{838CBC86-4284-9E53-6859-AC02C31AA200}"
EndProject
Project("{FAE04EC0-301F-11D3-BF4B-00C04F79EFBC}") = "ObjectView.Editor", "ObjectView.Editor.csproj", "{97B4ECE4-0BEB-4086-0DC2-6CDFCC8303EA}"
EndProject
Project("{FAE04EC0-301F-11D3-BF4B-00C04F79EFBC}") = "Editors", "Editors.csproj", "{177FA8EE-6FC3-8514-F61B-9691559B2B68}"
EndProject
Project("{FAE04EC0-301F-11D3-BF4B-00C04F79EFBC}") = "FairyGUI.Editor", "FairyGUI.Editor.csproj", "{85EA4C81-109B-5FA9-148F-28DF8FB38720}"
EndProject
Project("{FAE04EC0-301F-11D3-BF4B-00C04F79EFBC}") = "ReferenceCollector.Editor", "ReferenceCollector.Editor.csproj", "{4F87CA56-7106-4ECF-9A86-78ADF4F2B16A}"
EndProject
Global
	GlobalSection(SolutionConfigurationPlatforms) = preSolution
		Debug|Any CPU = Debug|Any CPU
		Release|Any CPU = Release|Any CPU
	EndGlobalSection
	GlobalSection(ProjectConfigurationPlatforms) = postSolution
		{AF29ACDC-CCC1-7732-751C-DD00BD5BD005}.Debug|Any CPU.ActiveCfg = Debug|Any CPU
		{AF29ACDC-CCC1-7732-751C-DD00BD5BD005}.Debug|Any CPU.Build.0 = Debug|Any CPU
		{AF29ACDC-CCC1-7732-751C-DD00BD5BD005}.Release|Any CPU.ActiveCfg = Release|Any CPU
		{AF29ACDC-CCC1-7732-751C-DD00BD5BD005}.Release|Any CPU.Build.0 = Release|Any CPU
		{5C351BF4-1A33-48AF-B348-52FD7A76B064}.Debug|Any CPU.ActiveCfg = Debug|Any CPU
		{5C351BF4-1A33-48AF-B348-52FD7A76B064}.Debug|Any CPU.Build.0 = Debug|Any CPU
		{5C351BF4-1A33-48AF-B348-52FD7A76B064}.Release|Any CPU.ActiveCfg = Release|Any CPU
		{5C351BF4-1A33-48AF-B348-52FD7A76B064}.Release|Any CPU.Build.0 = Release|Any CPU
		{2EC4903E-4963-EF63-D655-19011D9F16B8}.Debug|Any CPU.ActiveCfg = Debug|Any CPU
		{2EC4903E-4963-EF63-D655-19011D9F16B8}.Debug|Any CPU.Build.0 = Debug|Any CPU
		{2EC4903E-4963-EF63-D655-19011D9F16B8}.Release|Any CPU.ActiveCfg = Release|Any CPU
		{2EC4903E-4963-EF63-D655-19011D9F16B8}.Release|Any CPU.Build.0 = Release|Any CPU
		{98FC05A6-0292-E7D4-24E5-0134D38497DF}.Debug|Any CPU.ActiveCfg = Debug|Any CPU
		{98FC05A6-0292-E7D4-24E5-0134D38497DF}.Debug|Any CPU.Build.0 = Debug|Any CPU
		{98FC05A6-0292-E7D4-24E5-0134D38497DF}.Release|Any CPU.ActiveCfg = Release|Any CPU
		{98FC05A6-0292-E7D4-24E5-0134D38497DF}.Release|Any CPU.Build.0 = Release|Any CPU
		{DC893C52-BC58-8358-B450-22205CAC447F}.Debug|Any CPU.ActiveCfg = Debug|Any CPU
		{DC893C52-BC58-8358-B450-22205CAC447F}.Debug|Any CPU.Build.0 = Debug|Any CPU
		{DC893C52-BC58-8358-B450-22205CAC447F}.Release|Any CPU.ActiveCfg = Release|Any CPU
		{DC893C52-BC58-8358-B450-22205CAC447F}.Release|Any CPU.Build.0 = Release|Any CPU
		{A1166123-CDAD-D6D9-14CE-3BA0CBAE2415}.Debug|Any CPU.ActiveCfg = Debug|Any CPU
		{A1166123-CDAD-D6D9-14CE-3BA0CBAE2415}.Debug|Any CPU.Build.0 = Debug|Any CPU
		{A1166123-CDAD-D6D9-14CE-3BA0CBAE2415}.Release|Any CPU.ActiveCfg = Release|Any CPU
		{A1166123-CDAD-D6D9-14CE-3BA0CBAE2415}.Release|Any CPU.Build.0 = Release|Any CPU
		{4CA7ABC2-0E34-2A69-D295-27ACDEA89292}.Debug|Any CPU.ActiveCfg = Debug|Any CPU
		{4CA7ABC2-0E34-2A69-D295-27ACDEA89292}.Debug|Any CPU.Build.0 = Debug|Any CPU
		{4CA7ABC2-0E34-2A69-D295-27ACDEA89292}.Release|Any CPU.ActiveCfg = Release|Any CPU
		{4CA7ABC2-0E34-2A69-D295-27ACDEA89292}.Release|Any CPU.Build.0 = Release|Any CPU
		{838CBC86-4284-9E53-6859-AC02C31AA200}.Debug|Any CPU.ActiveCfg = Debug|Any CPU
		{838CBC86-4284-9E53-6859-AC02C31AA200}.Debug|Any CPU.Build.0 = Debug|Any CPU
		{838CBC86-4284-9E53-6859-AC02C31AA200}.Release|Any CPU.ActiveCfg = Release|Any CPU
		{838CBC86-4284-9E53-6859-AC02C31AA200}.Release|Any CPU.Build.0 = Release|Any CPU
		{97B4ECE4-0BEB-4086-0DC2-6CDFCC8303EA}.Debug|Any CPU.ActiveCfg = Debug|Any CPU
		{97B4ECE4-0BEB-4086-0DC2-6CDFCC8303EA}.Debug|Any CPU.Build.0 = Debug|Any CPU
		{97B4ECE4-0BEB-4086-0DC2-6CDFCC8303EA}.Release|Any CPU.ActiveCfg = Release|Any CPU
		{97B4ECE4-0BEB-4086-0DC2-6CDFCC8303EA}.Release|Any CPU.Build.0 = Release|Any CPU
		{177FA8EE-6FC3-8514-F61B-9691559B2B68}.Debug|Any CPU.ActiveCfg = Debug|Any CPU
		{177FA8EE-6FC3-8514-F61B-9691559B2B68}.Debug|Any CPU.Build.0 = Debug|Any CPU
		{177FA8EE-6FC3-8514-F61B-9691559B2B68}.Release|Any CPU.ActiveCfg = Release|Any CPU
		{177FA8EE-6FC3-8514-F61B-9691559B2B68}.Release|Any CPU.Build.0 = Release|Any CPU
		{85EA4C81-109B-5FA9-148F-28DF8FB38720}.Debug|Any CPU.ActiveCfg = Debug|Any CPU
		{85EA4C81-109B-5FA9-148F-28DF8FB38720}.Debug|Any CPU.Build.0 = Debug|Any CPU
		{85EA4C81-109B-5FA9-148F-28DF8FB38720}.Release|Any CPU.ActiveCfg = Release|Any CPU
		{85EA4C81-109B-5FA9-148F-28DF8FB38720}.Release|Any CPU.Build.0 = Release|Any CPU
		{4F87CA56-7106-4ECF-9A86-78ADF4F2B16A}.Debug|Any CPU.ActiveCfg = Debug|Any CPU
		{4F87CA56-7106-4ECF-9A86-78ADF4F2B16A}.Debug|Any CPU.Build.0 = Debug|Any CPU
		{4F87CA56-7106-4ECF-9A86-78ADF4F2B16A}.Release|Any CPU.ActiveCfg = Release|Any CPU
		{4F87CA56-7106-4ECF-9A86-78ADF4F2B16A}.Release|Any CPU.Build.0 = Release|Any CPU
	EndGlobalSection
	GlobalSection(SolutionProperties) = preSolution
		HideSolutionNode = FALSE
	EndGlobalSection
EndGlobal
